// !$*UTF8*$!
{
	archiveVersion = 1;
	classes = {
	};
	objectVersion = 54;
	objects = {

/* Begin PBXBuildFile section */
		05221E88267009A8007246FF /* SensorViewController.swift in Sources */ = {isa = PBXBuildFile; fileRef = 05221E87267009A8007246FF /* SensorViewController.swift */; };
		05221E8B26700A57007246FF /* SensorViewController.xib in Resources */ = {isa = PBXBuildFile; fileRef = 05221E8926700A57007246FF /* SensorViewController.xib */; };
		052FBC34251ECA8600C4322E /* IOKit.framework in Frameworks */ = {isa = PBXBuildFile; fileRef = 052FBC33251ECA8600C4322E /* IOKit.framework */; };
		052FBCA3251EE43B00C4322E /* PreferencesPaneController.swift in Sources */ = {isa = PBXBuildFile; fileRef = 052FBCA2251EE43B00C4322E /* PreferencesPaneController.swift */; };
		052FBCA7251EE46700C4322E /* PreferencesPaneController.xib in Resources */ = {isa = PBXBuildFile; fileRef = 052FBCA5251EE46700C4322E /* PreferencesPaneController.xib */; };
		055A9320252778C10070F771 /* MenuViewController.swift in Sources */ = {isa = PBXBuildFile; fileRef = 055A931F252778C10070F771 /* MenuViewController.swift */; };
		055A9323252778D00070F771 /* MenuViewController.xib in Resources */ = {isa = PBXBuildFile; fileRef = 055A9321252778D00070F771 /* MenuViewController.xib */; };
		055A932725277F6E0070F771 /* TemperatureWithDefaultsToString.swift in Sources */ = {isa = PBXBuildFile; fileRef = 055A932625277F6E0070F771 /* TemperatureWithDefaultsToString.swift */; };
		055A932B252780FD0070F771 /* GraphView.swift in Sources */ = {isa = PBXBuildFile; fileRef = 055A932A252780FD0070F771 /* GraphView.swift */; };
		057F8B0C251D273E0048F1E1 /* AboutBoxController.swift in Sources */ = {isa = PBXBuildFile; fileRef = 057F8B0B251D273E0048F1E1 /* AboutBoxController.swift */; };
		057F8B15251D27650048F1E1 /* AboutBoxController.xib in Resources */ = {isa = PBXBuildFile; fileRef = 057F8B13251D27650048F1E1 /* AboutBoxController.xib */; };
		05AA407A251CF3D200106CEA /* ApplicationDelegate.swift in Sources */ = {isa = PBXBuildFile; fileRef = 05AA4079251CF3D200106CEA /* ApplicationDelegate.swift */; };
		05AA407F251CF3D600106CEA /* MainMenu.xib in Resources */ = {isa = PBXBuildFile; fileRef = 05AA407D251CF3D600106CEA /* MainMenu.xib */; };
		05AA408D251CFA0600106CEA /* SensorsUpdate.swift in Sources */ = {isa = PBXBuildFile; fileRef = 05AA408C251CFA0600106CEA /* SensorsUpdate.swift */; };
		6DB7D0BF28A410FA00392B39 /* SMC.swift in Sources */ = {isa = PBXBuildFile; fileRef = 6DB7D0BE28A410FA00392B39 /* SMC.swift */; };
		6DB7D0C528A433AF00392B39 /* Config.xcconfig in Resources */ = {isa = PBXBuildFile; fileRef = 6DB7D0C428A433AF00392B39 /* Config.xcconfig */; };
		6DFDC05128A46C370030782C /* HIDAppleSMC.swift in Sources */ = {isa = PBXBuildFile; fileRef = 6DFDC05028A46C370030782C /* HIDAppleSMC.swift */; };
/* End PBXBuildFile section */

/* Begin PBXCopyFilesBuildPhase section */
		057F8B66251D2D620048F1E1 /* CopyFiles */ = {
			isa = PBXCopyFilesBuildPhase;
			buildActionMask = 2147483647;
			dstPath = "";
			dstSubfolderSpec = 10;
			files = (
			);
			runOnlyForDeploymentPostprocessing = 0;
		};
/* End PBXCopyFilesBuildPhase section */

/* Begin PBXFileReference section */
		05221E87267009A8007246FF /* SensorViewController.swift */ = {isa = PBXFileReference; lastKnownFileType = sourcecode.swift; path = SensorViewController.swift; sourceTree = "<group>"; };
		05221E8A26700A57007246FF /* Base */ = {isa = PBXFileReference; lastKnownFileType = file.xib; name = Base; path = Base.lproj/SensorViewController.xib; sourceTree = "<group>"; };
		052FBC33251ECA8600C4322E /* IOKit.framework */ = {isa = PBXFileReference; lastKnownFileType = wrapper.framework; name = IOKit.framework; path = System/Library/Frameworks/IOKit.framework; sourceTree = SDKROOT; };
		052FBCA2251EE43B00C4322E /* PreferencesPaneController.swift */ = {isa = PBXFileReference; lastKnownFileType = sourcecode.swift; path = PreferencesPaneController.swift; sourceTree = "<group>"; };
		052FBCA6251EE46700C4322E /* Base */ = {isa = PBXFileReference; lastKnownFileType = file.xib; name = Base; path = Base.lproj/PreferencesPaneController.xib; sourceTree = "<group>"; };
		055A931F252778C10070F771 /* MenuViewController.swift */ = {isa = PBXFileReference; lastKnownFileType = sourcecode.swift; path = MenuViewController.swift; sourceTree = "<group>"; };
		055A9322252778D00070F771 /* Base */ = {isa = PBXFileReference; lastKnownFileType = file.xib; name = Base; path = Base.lproj/MenuViewController.xib; sourceTree = "<group>"; };
		055A932625277F6E0070F771 /* TemperatureWithDefaultsToString.swift */ = {isa = PBXFileReference; lastKnownFileType = sourcecode.swift; path = TemperatureWithDefaultsToString.swift; sourceTree = "<group>"; };
		055A932A252780FD0070F771 /* GraphView.swift */ = {isa = PBXFileReference; lastKnownFileType = sourcecode.swift; path = GraphView.swift; sourceTree = "<group>"; };
		057F8B0B251D273E0048F1E1 /* AboutBoxController.swift */ = {isa = PBXFileReference; fileEncoding = 4; lastKnownFileType = sourcecode.swift; path = AboutBoxController.swift; sourceTree = "<group>"; };
		057F8B14251D27650048F1E1 /* Base */ = {isa = PBXFileReference; lastKnownFileType = file.xib; name = Base; path = Base.lproj/AboutBoxController.xib; sourceTree = "<group>"; };
		057F8B1E251D2B900048F1E1 /* LICENSE */ = {isa = PBXFileReference; lastKnownFileType = text; path = LICENSE; sourceTree = "<group>"; };
		057F8B1F251D2B900048F1E1 /* README.md */ = {isa = PBXFileReference; lastKnownFileType = net.daringfireball.markdown; path = README.md; sourceTree = "<group>"; };
		05AA4076251CF3D200106CEA /* ThermALL.app */ = {isa = PBXFileReference; explicitFileType = wrapper.application; includeInIndex = 0; path = ThermALL.app; sourceTree = BUILT_PRODUCTS_DIR; };
		05AA4079251CF3D200106CEA /* ApplicationDelegate.swift */ = {isa = PBXFileReference; lastKnownFileType = sourcecode.swift; path = ApplicationDelegate.swift; sourceTree = "<group>"; };
		05AA407E251CF3D600106CEA /* Base */ = {isa = PBXFileReference; lastKnownFileType = file.xib; name = Base; path = Base.lproj/MainMenu.xib; sourceTree = "<group>"; };
		05AA4080251CF3D600106CEA /* Info.plist */ = {isa = PBXFileReference; lastKnownFileType = text.plist.xml; path = Info.plist; sourceTree = "<group>"; };
		05AA4081251CF3D600106CEA /* ThermALL.entitlements */ = {isa = PBXFileReference; lastKnownFileType = text.plist.entitlements; path = ThermALL.entitlements; sourceTree = "<group>"; };
		05AA408C251CFA0600106CEA /* SensorsUpdate.swift */ = {isa = PBXFileReference; lastKnownFileType = sourcecode.swift; path = SensorsUpdate.swift; sourceTree = "<group>"; };
		6DB7D0BE28A410FA00392B39 /* SMC.swift */ = {isa = PBXFileReference; fileEncoding = 4; lastKnownFileType = sourcecode.swift; path = SMC.swift; sourceTree = "<group>"; };
		6DB7D0C428A433AF00392B39 /* Config.xcconfig */ = {isa = PBXFileReference; lastKnownFileType = text.xcconfig; path = Config.xcconfig; sourceTree = "<group>"; };
		6DFDC05028A46C370030782C /* HIDAppleSMC.swift */ = {isa = PBXFileReference; lastKnownFileType = sourcecode.swift; path = HIDAppleSMC.swift; sourceTree = "<group>"; };
		6DFDC05228A46D4B0030782C /* iokit-bridging-header.h */ = {isa = PBXFileReference; lastKnownFileType = sourcecode.c.h; path = "iokit-bridging-header.h"; sourceTree = "<group>"; };
/* End PBXFileReference section */

/* Begin PBXFrameworksBuildPhase section */
		05AA4073251CF3D200106CEA /* Frameworks */ = {
			isa = PBXFrameworksBuildPhase;
			buildActionMask = 2147483647;
			files = (
				052FBC34251ECA8600C4322E /* IOKit.framework in Frameworks */,
			);
			runOnlyForDeploymentPostprocessing = 0;
		};
/* End PBXFrameworksBuildPhase section */

/* Begin PBXGroup section */
		057F8B64251D2D5F0048F1E1 /* Frameworks */ = {
			isa = PBXGroup;
			children = (
				052FBC33251ECA8600C4322E /* IOKit.framework */,
			);
			name = Frameworks;
			sourceTree = "<group>";
		};
		05AA406D251CF3D200106CEA = {
			isa = PBXGroup;
			children = (
				6DB7D0C428A433AF00392B39 /* Config.xcconfig */,
				057F8B1E251D2B900048F1E1 /* LICENSE */,
				057F8B1F251D2B900048F1E1 /* README.md */,
				05AA4078251CF3D200106CEA /* ThermALL */,
				05AA4077251CF3D200106CEA /* Products */,
				057F8B64251D2D5F0048F1E1 /* Frameworks */,
			);
			sourceTree = "<group>";
		};
		05AA4077251CF3D200106CEA /* Products */ = {
			isa = PBXGroup;
			children = (
				05AA4076251CF3D200106CEA /* ThermALL.app */,
			);
			name = Products;
			sourceTree = "<group>";
		};
		05AA4078251CF3D200106CEA /* ThermALL */ = {
			isa = PBXGroup;
			children = (
				05AA4088251CF3F400106CEA /* Classes */,
				05AA4081251CF3D600106CEA /* ThermALL.entitlements */,
				05AA4080251CF3D600106CEA /* Info.plist */,
				05AA4089251CF3FC00106CEA /* UI */,
			);
			path = ThermALL;
			sourceTree = "<group>";
		};
		05AA4088251CF3F400106CEA /* Classes */ = {
			isa = PBXGroup;
			children = (
				6DB7D0BE28A410FA00392B39 /* SMC.swift */,
				057F8B0B251D273E0048F1E1 /* AboutBoxController.swift */,
				05AA4079251CF3D200106CEA /* ApplicationDelegate.swift */,
				05221E87267009A8007246FF /* SensorViewController.swift */,
				055A932A252780FD0070F771 /* GraphView.swift */,
				055A931F252778C10070F771 /* MenuViewController.swift */,
				052FBCA2251EE43B00C4322E /* PreferencesPaneController.swift */,
				055A932625277F6E0070F771 /* TemperatureWithDefaultsToString.swift */,
				05AA408C251CFA0600106CEA /* SensorsUpdate.swift */,
				6DFDC05028A46C370030782C /* HIDAppleSMC.swift */,
				6DFDC05228A46D4B0030782C /* iokit-bridging-header.h */,
			);
			path = Classes;
			sourceTree = "<group>";
		};
		05AA4089251CF3FC00106CEA /* UI */ = {
			isa = PBXGroup;
			children = (
				057F8B13251D27650048F1E1 /* AboutBoxController.xib */,
				055A9321252778D00070F771 /* MenuViewController.xib */,
				05AA407D251CF3D600106CEA /* MainMenu.xib */,
				052FBCA5251EE46700C4322E /* PreferencesPaneController.xib */,
				05221E8926700A57007246FF /* SensorViewController.xib */,
			);
			path = UI;
			sourceTree = "<group>";
		};
/* End PBXGroup section */

/* Begin PBXNativeTarget section */
		05AA4075251CF3D200106CEA /* ThermALL */ = {
			isa = PBXNativeTarget;
			buildConfigurationList = 05AA4084251CF3D600106CEA /* Build configuration list for PBXNativeTarget "ThermALL" */;
			buildPhases = (
				05AA4072251CF3D200106CEA /* Sources */,
				05AA4073251CF3D200106CEA /* Frameworks */,
				057F8B69251D2E560048F1E1 /* ShellScript */,
				05AA4074251CF3D200106CEA /* Resources */,
				057F8B66251D2D620048F1E1 /* CopyFiles */,
			);
			buildRules = (
			);
			dependencies = (
			);
			name = ThermALL;
			productName = Hot;
			productReference = 05AA4076251CF3D200106CEA /* ThermALL.app */;
			productType = "com.apple.product-type.application";
		};
/* End PBXNativeTarget section */

/* Begin PBXProject section */
		05AA406E251CF3D200106CEA /* Project object */ = {
			isa = PBXProject;
			attributes = {
				LastSwiftUpdateCheck = 1200;
				LastUpgradeCheck = 1400;
				TargetAttributes = {
					05AA4075251CF3D200106CEA = {
						CreatedOnToolsVersion = 12.0;
						LastSwiftMigration = 1200;
					};
				};
			};
			buildConfigurationList = 05AA4071251CF3D200106CEA /* Build configuration list for PBXProject "ThermALL" */;
			compatibilityVersion = "Xcode 9.3";
			developmentRegion = en;
			hasScannedForEncodings = 0;
			knownRegions = (
				en,
				Base,
			);
			mainGroup = 05AA406D251CF3D200106CEA;
			productRefGroup = 05AA4077251CF3D200106CEA /* Products */;
			projectDirPath = "";
			projectRoot = "";
			targets = (
				05AA4075251CF3D200106CEA /* ThermALL */,
			);
		};
/* End PBXProject section */

/* Begin PBXResourcesBuildPhase section */
		05AA4074251CF3D200106CEA /* Resources */ = {
			isa = PBXResourcesBuildPhase;
			buildActionMask = 2147483647;
			files = (
				05221E8B26700A57007246FF /* SensorViewController.xib in Resources */,
				055A9323252778D00070F771 /* MenuViewController.xib in Resources */,
				057F8B15251D27650048F1E1 /* AboutBoxController.xib in Resources */,
				052FBCA7251EE46700C4322E /* PreferencesPaneController.xib in Resources */,
				6DB7D0C528A433AF00392B39 /* Config.xcconfig in Resources */,
				05AA407F251CF3D600106CEA /* MainMenu.xib in Resources */,
			);
			runOnlyForDeploymentPostprocessing = 0;
		};
/* End PBXResourcesBuildPhase section */

/* Begin PBXShellScriptBuildPhase section */
		057F8B69251D2E560048F1E1 /* ShellScript */ = {
			isa = PBXShellScriptBuildPhase;
			alwaysOutOfDate = 1;
			buildActionMask = 2147483647;
			files = (
			);
			inputFileListPaths = (
			);
			inputPaths = (
			);
			outputFileListPaths = (
			);
			outputPaths = (
			);
			runOnlyForDeploymentPostprocessing = 0;
			shellPath = /bin/sh;
			shellScript = "#!/bin/bash\nif [ \"${CONFIGURATION}\" = \"Release\" ]; then\n    plist=\"ThermALL/Info.plist\"\n    rev=$(git rev-list `git branch | grep -e \"^*\" | cut -d' ' -f 2` | wc -l)\n    /usr/libexec/PlistBuddy -c \"Set :CFBundleVersion $rev\" \"$plist\"\nfi\n";
		};
/* End PBXShellScriptBuildPhase section */

/* Begin PBXSourcesBuildPhase section */
		05AA4072251CF3D200106CEA /* Sources */ = {
			isa = PBXSourcesBuildPhase;
			buildActionMask = 2147483647;
			files = (
				055A932725277F6E0070F771 /* TemperatureWithDefaultsToString.swift in Sources */,
				6DFDC05128A46C370030782C /* HIDAppleSMC.swift in Sources */,
				052FBCA3251EE43B00C4322E /* PreferencesPaneController.swift in Sources */,
				055A932B252780FD0070F771 /* GraphView.swift in Sources */,
				05221E88267009A8007246FF /* SensorViewController.swift in Sources */,
				057F8B0C251D273E0048F1E1 /* AboutBoxController.swift in Sources */,
				6DB7D0BF28A410FA00392B39 /* SMC.swift in Sources */,
				055A9320252778C10070F771 /* MenuViewController.swift in Sources */,
				05AA408D251CFA0600106CEA /* SensorsUpdate.swift in Sources */,
				05AA407A251CF3D200106CEA /* ApplicationDelegate.swift in Sources */,
			);
			runOnlyForDeploymentPostprocessing = 0;
		};
/* End PBXSourcesBuildPhase section */

/* Begin PBXVariantGroup section */
		05221E8926700A57007246FF /* SensorViewController.xib */ = {
			isa = PBXVariantGroup;
			children = (
				05221E8A26700A57007246FF /* Base */,
			);
			name = SensorViewController.xib;
			sourceTree = "<group>";
		};
		052FBCA5251EE46700C4322E /* PreferencesPaneController.xib */ = {
			isa = PBXVariantGroup;
			children = (
				052FBCA6251EE46700C4322E /* Base */,
			);
			name = PreferencesPaneController.xib;
			sourceTree = "<group>";
		};
		055A9321252778D00070F771 /* MenuViewController.xib */ = {
			isa = PBXVariantGroup;
			children = (
				055A9322252778D00070F771 /* Base */,
			);
			name = MenuViewController.xib;
			sourceTree = "<group>";
		};
		057F8B13251D27650048F1E1 /* AboutBoxController.xib */ = {
			isa = PBXVariantGroup;
			children = (
				057F8B14251D27650048F1E1 /* Base */,
			);
			name = AboutBoxController.xib;
			sourceTree = "<group>";
		};
		05AA407D251CF3D600106CEA /* MainMenu.xib */ = {
			isa = PBXVariantGroup;
			children = (
				05AA407E251CF3D600106CEA /* Base */,
			);
			name = MainMenu.xib;
			sourceTree = "<group>";
		};
/* End PBXVariantGroup section */

/* Begin XCBuildConfiguration section */
		05AA4082251CF3D600106CEA /* Debug */ = {
			isa = XCBuildConfiguration;
			buildSettings = {
				ALWAYS_SEARCH_USER_PATHS = NO;
				DEAD_CODE_STRIPPING = YES;
				MACOSX_DEPLOYMENT_TARGET = 12.4;
				SWIFT_OPTIMIZATION_LEVEL = "-Onone";
				SWIFT_VERSION = 5.0;
			};
			name = Debug;
		};
		05AA4083251CF3D600106CEA /* Release */ = {
			isa = XCBuildConfiguration;
			buildSettings = {
				ALWAYS_SEARCH_USER_PATHS = NO;
				COPY_PHASE_STRIP = NO;
				DEAD_CODE_STRIPPING = YES;
				MACOSX_DEPLOYMENT_TARGET = 12.4;
				SWIFT_VERSION = 5.0;
			};
			name = Release;
		};
		05AA4085251CF3D600106CEA /* Debug */ = {
			isa = XCBuildConfiguration;
			baseConfigurationReference = 6DB7D0C428A433AF00392B39 /* Config.xcconfig */;
			buildSettings = {
				ALWAYS_EMBED_SWIFT_STANDARD_LIBRARIES = YES;
				CODE_SIGN_IDENTITY = "-";
				CODE_SIGN_STYLE = Automatic;
				DEAD_CODE_STRIPPING = YES;
				DEVELOPMENT_TEAM = 75J6C96V4Y;
				ENABLE_HARDENED_RUNTIME = NO;
				INFOPLIST_FILE = ThermALL/Info.plist;
				LD_RUNPATH_SEARCH_PATHS = (
					"$(inherited)",
					"@executable_path/../Frameworks",
				);
				MACOSX_DEPLOYMENT_TARGET = 12.4;
				PRODUCT_BUNDLE_IDENTIFIER = com.jamesdbailey.ThermALL;
				PRODUCT_NAME = "$(TARGET_NAME)";
				PROVISIONING_PROFILE_SPECIFIER = "";
				"SWIFT_OBJC_BRIDGING_HEADER[arch=*]" = "ThermALL/Classes/iokit-bridging-header.h";
			};
			name = Debug;
		};
		05AA4086251CF3D600106CEA /* Release */ = {
			isa = XCBuildConfiguration;
			baseConfigurationReference = 6DB7D0C428A433AF00392B39 /* Config.xcconfig */;
			buildSettings = {
				ALWAYS_EMBED_SWIFT_STANDARD_LIBRARIES = YES;
				CODE_SIGN_ENTITLEMENTS = ThermALL/ThermALL.entitlements;
				CODE_SIGN_IDENTITY = "Apple Development";
				DEAD_CODE_STRIPPING = YES;
				DEVELOPMENT_TEAM = 75J6C96V4Y;
				ENABLE_HARDENED_RUNTIME = YES;
				INFOPLIST_FILE = ThermALL/Info.plist;
				LD_RUNPATH_SEARCH_PATHS = (
					"$(inherited)",
					"@executable_path/../Frameworks",
				);
				MACOSX_DEPLOYMENT_TARGET = 12.4;
				PRODUCT_BUNDLE_IDENTIFIER = com.jamesdbailey.ThermALL;
				PRODUCT_NAME = "$(TARGET_NAME)";
				"SWIFT_OBJC_BRIDGING_HEADER[arch=*]" = "ThermALL/Classes/iokit-bridging-header.h";
			};
			name = Release;
		};
/* End XCBuildConfiguration section */

/* Begin XCConfigurationList section */
		05AA4071251CF3D200106CEA /* Build configuration list for PBXProject "ThermALL" */ = {
			isa = XCConfigurationList;
			buildConfigurations = (
				05AA4082251CF3D600106CEA /* Debug */,
				05AA4083251CF3D600106CEA /* Release */,
			);
			defaultConfigurationIsVisible = 0;
			defaultConfigurationName = Release;
		};
		05AA4084251CF3D600106CEA /* Build configuration list for PBXNativeTarget "ThermALL" */ = {
			isa = XCConfigurationList;
			buildConfigurations = (
				05AA4085251CF3D600106CEA /* Debug */,
				05AA4086251CF3D600106CEA /* Release */,
			);
			defaultConfigurationIsVisible = 0;
			defaultConfigurationName = Release;
		};
/* End XCConfigurationList section */
	};
	rootObject = 05AA406E251CF3D200106CEA /* Project object */;
}
